
Microsoft Visual Studio Solution File, Format Version 12.00
# Visual Studio Version 16
VisualStudioVersion = 16.0.31410.357
MinimumVisualStudioVersion = 10.0.40219.1
Project("{8BC9CEB8-8B4A-11D0-8D11-00A0C91BC942}") = "WS01p2", "WS01p2.vcxproj", "{1ACE124F-083A-4121-B3DB-C4439255183C}"
EndProject
Global
	GlobalSection(SolutionConfigurationPlatforms) = preSolution
		Debug|x64 = Debug|x64
		Debug|x86 = Debug|x86
		Release|x64 = Release|x64
		Release|x86 = Release|x86
	EndGlobalSection
	GlobalSection(ProjectConfigurationPlatforms) = postSolution
		{1ACE124F-083A-4121-B3DB-C4439255183C}.Debug|x64.ActiveCfg = Debug|x64
		{1ACE124F-083A-4121-B3DB-C4439255183C}.Debug|x64.Build.0 = Debug|x64
		{1ACE124F-083A-4121-B3DB-C4439255183C}.Debug|x86.ActiveCfg = Debug|Win32
		{1ACE124F-083A-4121-B3DB-C4439255183C}.Debug|x86.Build.0 = Debug|Win32
		{1ACE124F-083A-4121-B3DB-C4439255183C}.Release|x64.ActiveCfg = Release|x64
		{1ACE124F-083A-4121-B3DB-C4439255183C}.Release|x64.Build.0 = Release|x64
		{1ACE124F-083A-4121-B3DB-C4439255183C}.Release|x86.ActiveCfg = Release|Win32
		{1ACE124F-083A-4121-B3DB-C4439255183C}.Release|x86.Build.0 = Release|Win32
	EndGlobalSection
	GlobalSection(SolutionProperties) = preSolution
		HideSolutionNode = FALSE
	EndGlobalSection
	GlobalSection(ExtensibilityGlobals) = postSolution
		SolutionGuid = {8DE33C3D-DC5F-4AE7-ACA6-B22BBFD0781C}
	EndGlobalSection
EndGlobal
